
Microsoft Visual Studio Solution File, Format Version 12.00
# Visual Studio Version 17
VisualStudioVersion = 17.10.34928.147
MinimumVisualStudioVersion = 10.0.40219.1
Project("{FAE04EC0-301F-11D3-BF4B-00C04F79EFBC}") = "testPL", "testPL\testPL.csproj", "{F2422208-72F6-41AE-AC1B-7D992F86639B}"
EndProject
Global
	GlobalSection(SolutionConfigurationPlatforms) = preSolution
		Debug|Any CPU = Debug|Any CPU
		Release|Any CPU = Release|Any CPU
	EndGlobalSection
	GlobalSection(ProjectConfigurationPlatforms) = postSolution
		{F2422208-72F6-41AE-AC1B-7D992F86639B}.Debug|Any CPU.ActiveCfg = Debug|Any CPU
		{F2422208-72F6-41AE-AC1B-7D992F86639B}.Debug|Any CPU.Build.0 = Debug|Any CPU
		{F2422208-72F6-41AE-AC1B-7D992F86639B}.Release|Any CPU.ActiveCfg = Release|Any CPU
		{F2422208-72F6-41AE-AC1B-7D992F86639B}.Release|Any CPU.Build.0 = Release|Any CPU
	EndGlobalSection
	GlobalSection(SolutionProperties) = preSolution
		HideSolutionNode = FALSE
	EndGlobalSection
	GlobalSection(ExtensibilityGlobals) = postSolution
		SolutionGuid = {EC487458-1832-46B2-BF2E-734960B8DD3D}
	EndGlobalSection
EndGlobal
